
Microsoft Visual Studio Solution File, Format Version 12.00
# Visual Studio Version 17
VisualStudioVersion = 17.0.32014.148
MinimumVisualStudioVersion = 10.0.40219.1
Project("{FAE04EC0-301F-11D3-BF4B-00C04F79EFBC}") = "USB_VolumeMixier", "USB_VolumeMixier\USB_VolumeMixier.csproj", "{0CEE1861-D1A8-46F1-90E3-EF4F2AC9C069}"
EndProject
Global
	GlobalSection(SolutionConfigurationPlatforms) = preSolution
		Debug|x64 = Debug|x64
		Release|x64 = Release|x64
	EndGlobalSection
	GlobalSection(ProjectConfigurationPlatforms) = postSolution
		{0CEE1861-D1A8-46F1-90E3-EF4F2AC9C069}.Debug|x64.ActiveCfg = Debug|x64
		{0CEE1861-D1A8-46F1-90E3-EF4F2AC9C069}.Debug|x64.Build.0 = Debug|x64
		{0CEE1861-D1A8-46F1-90E3-EF4F2AC9C069}.Release|x64.ActiveCfg = Release|x64
		{0CEE1861-D1A8-46F1-90E3-EF4F2AC9C069}.Release|x64.Build.0 = Release|x64
	EndGlobalSection
	GlobalSection(SolutionProperties) = preSolution
		HideSolutionNode = FALSE
	EndGlobalSection
	GlobalSection(ExtensibilityGlobals) = postSolution
		SolutionGuid = {DF6F9976-360D-4317-AE6E-3B509768A92D}
	EndGlobalSection
EndGlobal
